
Microsoft Visual Studio Solution File, Format Version 12.00
# Visual Studio Version 17
VisualStudioVersion = 17.0.31919.166
MinimumVisualStudioVersion = 10.0.40219.1
Project("{FAE04EC0-301F-11D3-BF4B-00C04F79EFBC}") = "ToolOfLog4net", "ToolOfLog4net\ToolOfLog4net.csproj", "{B2D30369-95AF-4C7B-B746-734A07BCFEEF}"
EndProject
Global
	GlobalSection(SolutionConfigurationPlatforms) = preSolution
		Debug|Any CPU = Debug|Any CPU
		Release|Any CPU = Release|Any CPU
	EndGlobalSection
	GlobalSection(ProjectConfigurationPlatforms) = postSolution
		{B2D30369-95AF-4C7B-B746-734A07BCFEEF}.Debug|Any CPU.ActiveCfg = Debug|Any CPU
		{B2D30369-95AF-4C7B-B746-734A07BCFEEF}.Debug|Any CPU.Build.0 = Debug|Any CPU
		{B2D30369-95AF-4C7B-B746-734A07BCFEEF}.Release|Any CPU.ActiveCfg = Release|Any CPU
		{B2D30369-95AF-4C7B-B746-734A07BCFEEF}.Release|Any CPU.Build.0 = Release|Any CPU
	EndGlobalSection
	GlobalSection(SolutionProperties) = preSolution
		HideSolutionNode = FALSE
	EndGlobalSection
	GlobalSection(ExtensibilityGlobals) = postSolution
		SolutionGuid = {94EE095A-9E12-44B3-816C-429745E82626}
	EndGlobalSection
EndGlobal
